
Microsoft Visual Studio Solution File, Format Version 12.00
# Visual Studio 15
VisualStudioVersion = 15.0.27703.2042
MinimumVisualStudioVersion = 10.0.40219.1
Project("{FAE04EC0-301F-11D3-BF4B-00C04F79EFBC}") = "PanAndZoom.Android", "PanAndZoom\PanAndZoom.Android\PanAndZoom.Android.csproj", "{4BABF819-777D-4374-9815-672B68FCB0DF}"
EndProject
Project("{FAE04EC0-301F-11D3-BF4B-00C04F79EFBC}") = "PanAndZoom.iOS", "PanAndZoom\PanAndZoom.iOS\PanAndZoom.iOS.csproj", "{D9D9BA5F-7FB0-4629-B44C-0B959FAADA29}"
EndProject
Project("{FAE04EC0-301F-11D3-BF4B-00C04F79EFBC}") = "PanAndZoom", "PanAndZoom\PanAndZoom\PanAndZoom.csproj", "{DEB18C19-CF70-437E-A7C7-9319F41FD9FD}"
EndProject
Global
	GlobalSection(SolutionConfigurationPlatforms) = preSolution
		Ad-Hoc|Any CPU = Ad-Hoc|Any CPU
		Ad-Hoc|iPhone = Ad-Hoc|iPhone
		Ad-Hoc|iPhoneSimulator = Ad-Hoc|iPhoneSimulator
		AppStore|Any CPU = AppStore|Any CPU
		AppStore|iPhone = AppStore|iPhone
		AppStore|iPhoneSimulator = AppStore|iPhoneSimulator
		Debug|Any CPU = Debug|Any CPU
		Debug|iPhone = Debug|iPhone
		Debug|iPhoneSimulator = Debug|iPhoneSimulator
		Release|Any CPU = Release|Any CPU
		Release|iPhone = Release|iPhone
		Release|iPhoneSimulator = Release|iPhoneSimulator
	EndGlobalSection
	GlobalSection(ProjectConfigurationPlatforms) = postSolution
		{4BABF819-777D-4374-9815-672B68FCB0DF}.Ad-Hoc|Any CPU.ActiveCfg = Release|Any CPU
		{4BABF819-777D-4374-9815-672B68FCB0DF}.Ad-Hoc|Any CPU.Build.0 = Release|Any CPU
		{4BABF819-777D-4374-9815-672B68FCB0DF}.Ad-Hoc|Any CPU.Deploy.0 = Release|Any CPU
		{4BABF819-777D-4374-9815-672B68FCB0DF}.Ad-Hoc|iPhone.ActiveCfg = Release|Any CPU
		{4BABF819-777D-4374-9815-672B68FCB0DF}.Ad-Hoc|iPhone.Build.0 = Release|Any CPU
		{4BABF819-777D-4374-9815-672B68FCB0DF}.Ad-Hoc|iPhone.Deploy.0 = Release|Any CPU
		{4BABF819-777D-4374-9815-672B68FCB0DF}.Ad-Hoc|iPhoneSimulator.ActiveCfg = Release|Any CPU
		{4BABF819-777D-4374-9815-672B68FCB0DF}.Ad-Hoc|iPhoneSimulator.Build.0 = Release|Any CPU
		{4BABF819-777D-4374-9815-672B68FCB0DF}.Ad-Hoc|iPhoneSimulator.Deploy.0 = Release|Any CPU
		{4BABF819-777D-4374-9815-672B68FCB0DF}.AppStore|Any CPU.ActiveCfg = Release|Any CPU
		{4BABF819-777D-4374-9815-672B68FCB0DF}.AppStore|Any CPU.Build.0 = Release|Any CPU
		{4BABF819-777D-4374-9815-672B68FCB0DF}.AppStore|Any CPU.Deploy.0 = Release|Any CPU
		{4BABF819-777D-4374-9815-672B68FCB0DF}.AppStore|iPhone.ActiveCfg = Release|Any CPU
		{4BABF819-777D-4374-9815-672B68FCB0DF}.AppStore|iPhone.Build.0 = Release|Any CPU
		{4BABF819-777D-4374-9815-672B68FCB0DF}.AppStore|iPhone.Deploy.0 = Release|Any CPU
		{4BABF819-777D-4374-9815-672B68FCB0DF}.AppStore|iPhoneSimulator.ActiveCfg = Release|Any CPU
		{4BABF819-777D-4374-9815-672B68FCB0DF}.AppStore|iPhoneSimulator.Build.0 = Release|Any CPU
		{4BABF819-777D-4374-9815-672B68FCB0DF}.AppStore|iPhoneSimulator.Deploy.0 = Release|Any CPU
		{4BABF819-777D-4374-9815-672B68FCB0DF}.Debug|Any CPU.ActiveCfg = Debug|Any CPU
		{4BABF819-777D-4374-9815-672B68FCB0DF}.Debug|Any CPU.Build.0 = Debug|Any CPU
		{4BABF819-777D-4374-9815-672B68FCB0DF}.Debug|Any CPU.Deploy.0 = Debug|Any CPU
		{4BABF819-777D-4374-9815-672B68FCB0DF}.Debug|iPhone.ActiveCfg = Debug|Any CPU
		{4BABF819-777D-4374-9815-672B68FCB0DF}.Debug|iPhone.Build.0 = Debug|Any CPU
		{4BABF819-777D-4374-9815-672B68FCB0DF}.Debug|iPhone.Deploy.0 = Debug|Any CPU
		{4BABF819-777D-4374-9815-672B68FCB0DF}.Debug|iPhoneSimulator.ActiveCfg = Debug|Any CPU
		{4BABF819-777D-4374-9815-672B68FCB0DF}.Debug|iPhoneSimulator.Build.0 = Debug|Any CPU
		{4BABF819-777D-4374-9815-672B68FCB0DF}.Debug|iPhoneSimulator.Deploy.0 = Debug|Any CPU
		{4BABF819-777D-4374-9815-672B68FCB0DF}.Release|Any CPU.ActiveCfg = Release|Any CPU
		{4BABF819-777D-4374-9815-672B68FCB0DF}.Release|Any CPU.Build.0 = Release|Any CPU
		{4BABF819-777D-4374-9815-672B68FCB0DF}.Release|Any CPU.Deploy.0 = Release|Any CPU
		{4BABF819-777D-4374-9815-672B68FCB0DF}.Release|iPhone.ActiveCfg = Release|Any CPU
		{4BABF819-777D-4374-9815-672B68FCB0DF}.Release|iPhone.Build.0 = Release|Any CPU
		{4BABF819-777D-4374-9815-672B68FCB0DF}.Release|iPhone.Deploy.0 = Release|Any CPU
		{4BABF819-777D-4374-9815-672B68FCB0DF}.Release|iPhoneSimulator.ActiveCfg = Release|Any CPU
		{4BABF819-777D-4374-9815-672B68FCB0DF}.Release|iPhoneSimulator.Build.0 = Release|Any CPU
		{4BABF819-777D-4374-9815-672B68FCB0DF}.Release|iPhoneSimulator.Deploy.0 = Release|Any CPU
		{D9D9BA5F-7FB0-4629-B44C-0B959FAADA29}.Ad-Hoc|Any CPU.ActiveCfg = Ad-Hoc|iPhone
		{D9D9BA5F-7FB0-4629-B44C-0B959FAADA29}.Ad-Hoc|Any CPU.Build.0 = Ad-Hoc|iPhone
		{D9D9BA5F-7FB0-4629-B44C-0B959FAADA29}.Ad-Hoc|Any CPU.Deploy.0 = Ad-Hoc|iPhone
		{D9D9BA5F-7FB0-4629-B44C-0B959FAADA29}.Ad-Hoc|iPhone.ActiveCfg = Ad-Hoc|iPhone
		{D9D9BA5F-7FB0-4629-B44C-0B959FAADA29}.Ad-Hoc|iPhone.Build.0 = Ad-Hoc|iPhone
		{D9D9BA5F-7FB0-4629-B44C-0B959FAADA29}.Ad-Hoc|iPhone.Deploy.0 = Ad-Hoc|iPhone
		{D9D9BA5F-7FB0-4629-B44C-0B959FAADA29}.Ad-Hoc|iPhoneSimulator.ActiveCfg = Ad-Hoc|iPhoneSimulator
		{D9D9BA5F-7FB0-4629-B44C-0B959FAADA29}.Ad-Hoc|iPhoneSimulator.Build.0 = Ad-Hoc|iPhoneSimulator
		{D9D9BA5F-7FB0-4629-B44C-0B959FAADA29}.Ad-Hoc|iPhoneSimulator.Deploy.0 = Ad-Hoc|iPhoneSimulator
		{D9D9BA5F-7FB0-4629-B44C-0B959FAADA29}.AppStore|Any CPU.ActiveCfg = AppStore|iPhone
		{D9D9BA5F-7FB0-4629-B44C-0B959FAADA29}.AppStore|Any CPU.Build.0 = AppStore|iPhone
		{D9D9BA5F-7FB0-4629-B44C-0B959FAADA29}.AppStore|Any CPU.Deploy.0 = AppStore|iPhone
		{D9D9BA5F-7FB0-4629-B44C-0B959FAADA29}.AppStore|iPhone.ActiveCfg = AppStore|iPhone
		{D9D9BA5F-7FB0-4629-B44C-0B959FAADA29}.AppStore|iPhone.Build.0 = AppStore|iPhone
		{D9D9BA5F-7FB0-4629-B44C-0B959FAADA29}.AppStore|iPhone.Deploy.0 = AppStore|iPhone
		{D9D9BA5F-7FB0-4629-B44C-0B959FAADA29}.AppStore|iPhoneSimulator.ActiveCfg = AppStore|iPhoneSimulator
		{D9D9BA5F-7FB0-4629-B44C-0B959FAADA29}.AppStore|iPhoneSimulator.Build.0 = AppStore|iPhoneSimulator
		{D9D9BA5F-7FB0-4629-B44C-0B959FAADA29}.AppStore|iPhoneSimulator.Deploy.0 = AppStore|iPhoneSimulator
		{D9D9BA5F-7FB0-4629-B44C-0B959FAADA29}.Debug|Any CPU.ActiveCfg = Debug|iPhoneSimulator
		{D9D9BA5F-7FB0-4629-B44C-0B959FAADA29}.Debug|Any CPU.Build.0 = Debug|iPhoneSimulator
		{D9D9BA5F-7FB0-4629-B44C-0B959FAADA29}.Debug|Any CPU.Deploy.0 = Debug|iPhoneSimulator
		{D9D9BA5F-7FB0-4629-B44C-0B959FAADA29}.Debug|iPhone.ActiveCfg = Debug|iPhone
		{D9D9BA5F-7FB0-4629-B44C-0B959FAADA29}.Debug|iPhone.Build.0 = Debug|iPhone
		{D9D9BA5F-7FB0-4629-B44C-0B959FAADA29}.Debug|iPhone.Deploy.0 = Debug|iPhone
		{D9D9BA5F-7FB0-4629-B44C-0B959FAADA29}.Debug|iPhoneSimulator.ActiveCfg = Debug|iPhoneSimulator
		{D9D9BA5F-7FB0-4629-B44C-0B959FAADA29}.Debug|iPhoneSimulator.Build.0 = Debug|iPhoneSimulator
		{D9D9BA5F-7FB0-4629-B44C-0B959FAADA29}.Debug|iPhoneSimulator.Deploy.0 = Debug|iPhoneSimulator
		{D9D9BA5F-7FB0-4629-B44C-0B959FAADA29}.Release|Any CPU.ActiveCfg = Release|iPhone
		{D9D9BA5F-7FB0-4629-B44C-0B959FAADA29}.Release|Any CPU.Build.0 = Release|iPhone
		{D9D9BA5F-7FB0-4629-B44C-0B959FAADA29}.Release|Any CPU.Deploy.0 = Release|iPhone
		{D9D9BA5F-7FB0-4629-B44C-0B959FAADA29}.Release|iPhone.ActiveCfg = Release|iPhone
		{D9D9BA5F-7FB0-4629-B44C-0B959FAADA29}.Release|iPhone.Build.0 = Release|iPhone
		{D9D9BA5F-7FB0-4629-B44C-0B959FAADA29}.Release|iPhone.Deploy.0 = Release|iPhone
		{D9D9BA5F-7FB0-4629-B44C-0B959FAADA29}.Release|iPhoneSimulator.ActiveCfg = Release|iPhoneSimulator
		{D9D9BA5F-7FB0-4629-B44C-0B959FAADA29}.Release|iPhoneSimulator.Build.0 = Release|iPhoneSimulator
		{D9D9BA5F-7FB0-4629-B44C-0B959FAADA29}.Release|iPhoneSimulator.Deploy.0 = Release|iPhoneSimulator
		{DEB18C19-CF70-437E-A7C7-9319F41FD9FD}.Ad-Hoc|Any CPU.ActiveCfg = Debug|Any CPU
		{DEB18C19-CF70-437E-A7C7-9319F41FD9FD}.Ad-Hoc|Any CPU.Build.0 = Debug|Any CPU
		{DEB18C19-CF70-437E-A7C7-9319F41FD9FD}.Ad-Hoc|Any CPU.Deploy.0 = Debug|Any CPU
		{DEB18C19-CF70-437E-A7C7-9319F41FD9FD}.Ad-Hoc|iPhone.ActiveCfg = Debug|Any CPU
		{DEB18C19-CF70-437E-A7C7-9319F41FD9FD}.Ad-Hoc|iPhone.Build.0 = Debug|Any CPU
		{DEB18C19-CF70-437E-A7C7-9319F41FD9FD}.Ad-Hoc|iPhone.Deploy.0 = Debug|Any CPU
		{DEB18C19-CF70-437E-A7C7-9319F41FD9FD}.Ad-Hoc|iPhoneSimulator.ActiveCfg = Debug|Any CPU
		{DEB18C19-CF70-437E-A7C7-9319F41FD9FD}.Ad-Hoc|iPhoneSimulator.Build.0 = Debug|Any CPU
		{DEB18C19-CF70-437E-A7C7-9319F41FD9FD}.Ad-Hoc|iPhoneSimulator.Deploy.0 = Debug|Any CPU
		{DEB18C19-CF70-437E-A7C7-9319F41FD9FD}.AppStore|Any CPU.ActiveCfg = Debug|Any CPU
		{DEB18C19-CF70-437E-A7C7-9319F41FD9FD}.AppStore|Any CPU.Build.0 = Debug|Any CPU
		{DEB18C19-CF70-437E-A7C7-9319F41FD9FD}.AppStore|Any CPU.Deploy.0 = Debug|Any CPU
		{DEB18C19-CF70-437E-A7C7-9319F41FD9FD}.AppStore|iPhone.ActiveCfg = Debug|Any CPU
		{DEB18C19-CF70-437E-A7C7-9319F41FD9FD}.AppStore|iPhone.Build.0 = Debug|Any CPU
		{DEB18C19-CF70-437E-A7C7-9319F41FD9FD}.AppStore|iPhone.Deploy.0 = Debug|Any CPU
		{DEB18C19-CF70-437E-A7C7-9319F41FD9FD}.AppStore|iPhoneSimulator.ActiveCfg = Debug|Any CPU
		{DEB18C19-CF70-437E-A7C7-9319F41FD9FD}.AppStore|iPhoneSimulator.Build.0 = Debug|Any CPU
		{DEB18C19-CF70-437E-A7C7-9319F41FD9FD}.AppStore|iPhoneSimulator.Deploy.0 = Debug|Any CPU
		{DEB18C19-CF70-437E-A7C7-9319F41FD9FD}.Debug|Any CPU.ActiveCfg = Debug|Any CPU
		{DEB18C19-CF70-437E-A7C7-9319F41FD9FD}.Debug|Any CPU.Build.0 = Debug|Any CPU
		{DEB18C19-CF70-437E-A7C7-9319F41FD9FD}.Debug|Any CPU.Deploy.0 = Debug|Any CPU
		{DEB18C19-CF70-437E-A7C7-9319F41FD9FD}.Debug|iPhone.ActiveCfg = Debug|Any CPU
		{DEB18C19-CF70-437E-A7C7-9319F41FD9FD}.Debug|iPhone.Build.0 = Debug|Any CPU
		{DEB18C19-CF70-437E-A7C7-9319F41FD9FD}.Debug|iPhone.Deploy.0 = Debug|Any CPU
		{DEB18C19-CF70-437E-A7C7-9319F41FD9FD}.Debug|iPhoneSimulator.ActiveCfg = Debug|Any CPU
		{DEB18C19-CF70-437E-A7C7-9319F41FD9FD}.Debug|iPhoneSimulator.Build.0 = Debug|Any CPU
		{DEB18C19-CF70-437E-A7C7-9319F41FD9FD}.Debug|iPhoneSimulator.Deploy.0 = Debug|Any CPU
		{DEB18C19-CF70-437E-A7C7-9319F41FD9FD}.Release|Any CPU.ActiveCfg = Release|Any CPU
		{DEB18C19-CF70-437E-A7C7-9319F41FD9FD}.Release|Any CPU.Build.0 = Release|Any CPU
		{DEB18C19-CF70-437E-A7C7-9319F41FD9FD}.Release|Any CPU.Deploy.0 = Release|Any CPU
		{DEB18C19-CF70-437E-A7C7-9319F41FD9FD}.Release|iPhone.ActiveCfg = Release|Any CPU
		{DEB18C19-CF70-437E-A7C7-9319F41FD9FD}.Release|iPhone.Build.0 = Release|Any CPU
		{DEB18C19-CF70-437E-A7C7-9319F41FD9FD}.Release|iPhone.Deploy.0 = Release|Any CPU
		{DEB18C19-CF70-437E-A7C7-9319F41FD9FD}.Release|iPhoneSimulator.ActiveCfg = Release|Any CPU
		{DEB18C19-CF70-437E-A7C7-9319F41FD9FD}.Release|iPhoneSimulator.Build.0 = Release|Any CPU
		{DEB18C19-CF70-437E-A7C7-9319F41FD9FD}.Release|iPhoneSimulator.Deploy.0 = Release|Any CPU
	EndGlobalSection
	GlobalSection(SolutionProperties) = preSolution
		HideSolutionNode = FALSE
	EndGlobalSection
	GlobalSection(ExtensibilityGlobals) = postSolution
		SolutionGuid = {1FF609CC-F056-4A11-8CA9-342753D66E96}
	EndGlobalSection
EndGlobal
